
Microsoft Visual Studio Solution File, Format Version 12.00
# Visual Studio Version 17
VisualStudioVersion = 17.14.36127.28
MinimumVisualStudioVersion = 10.0.40219.1
Project("{FAE04EC0-301F-11D3-BF4B-00C04F79EFBC}") = "Nadasdladany", "Nadasdladany.csproj", "{0FBFA73F-CAF8-420C-A61B-C1031854525D}"
EndProject
Global
	GlobalSection(SolutionConfigurationPlatforms) = preSolution
		Debug|Any CPU = Debug|Any CPU
		Release|Any CPU = Release|Any CPU
	EndGlobalSection
	GlobalSection(ProjectConfigurationPlatforms) = postSolution
		{0FBFA73F-CAF8-420C-A61B-C1031854525D}.Debug|Any CPU.ActiveCfg = Debug|Any CPU
		{0FBFA73F-CAF8-420C-A61B-C1031854525D}.Debug|Any CPU.Build.0 = Debug|Any CPU
		{0FBFA73F-CAF8-420C-A61B-C1031854525D}.Release|Any CPU.ActiveCfg = Release|Any CPU
		{0FBFA73F-CAF8-420C-A61B-C1031854525D}.Release|Any CPU.Build.0 = Release|Any CPU
	EndGlobalSection
	GlobalSection(SolutionProperties) = preSolution
		HideSolutionNode = FALSE
	EndGlobalSection
	GlobalSection(ExtensibilityGlobals) = postSolution
		SolutionGuid = {55887C42-CE7A-4118-BD59-F90F94910E54}
	EndGlobalSection
EndGlobal
